
Microsoft Visual Studio Solution File, Format Version 12.00
# Visual Studio Version 16
VisualStudioVersion = 16.0.30413.136
MinimumVisualStudioVersion = 10.0.40219.1
Project("{9A19103F-16F7-4668-BE54-9A1E7A4F7556}") = "InputOutput", "InputOutput\InputOutput.csproj", "{ECB9BA4E-81CA-414E-B5FA-9B0FC37D7437}"
EndProject
Project("{FAE04EC0-301F-11D3-BF4B-00C04F79EFBC}") = "ConditionalStatements", "ConditionalStatements\ConditionalStatements.csproj", "{9D9B4197-434B-45E8-9037-456AF91B0138}"
EndProject
Global
	GlobalSection(SolutionConfigurationPlatforms) = preSolution
		Debug|Any CPU = Debug|Any CPU
		Release|Any CPU = Release|Any CPU
	EndGlobalSection
	GlobalSection(ProjectConfigurationPlatforms) = postSolution
		{ECB9BA4E-81CA-414E-B5FA-9B0FC37D7437}.Debug|Any CPU.ActiveCfg = Debug|Any CPU
		{ECB9BA4E-81CA-414E-B5FA-9B0FC37D7437}.Debug|Any CPU.Build.0 = Debug|Any CPU
		{ECB9BA4E-81CA-414E-B5FA-9B0FC37D7437}.Release|Any CPU.ActiveCfg = Release|Any CPU
		{ECB9BA4E-81CA-414E-B5FA-9B0FC37D7437}.Release|Any CPU.Build.0 = Release|Any CPU
		{9D9B4197-434B-45E8-9037-456AF91B0138}.Debug|Any CPU.ActiveCfg = Debug|Any CPU
		{9D9B4197-434B-45E8-9037-456AF91B0138}.Debug|Any CPU.Build.0 = Debug|Any CPU
		{9D9B4197-434B-45E8-9037-456AF91B0138}.Release|Any CPU.ActiveCfg = Release|Any CPU
		{9D9B4197-434B-45E8-9037-456AF91B0138}.Release|Any CPU.Build.0 = Release|Any CPU
	EndGlobalSection
	GlobalSection(SolutionProperties) = preSolution
		HideSolutionNode = FALSE
	EndGlobalSection
	GlobalSection(ExtensibilityGlobals) = postSolution
		SolutionGuid = {6A6C1790-0205-4D43-88D6-0B6FF54704F9}
	EndGlobalSection
EndGlobal
