
Microsoft Visual Studio Solution File, Format Version 12.00
# Visual Studio Version 16
VisualStudioVersion = 16.0.30413.136
MinimumVisualStudioVersion = 10.0.40219.1
Project("{9A19103F-16F7-4668-BE54-9A1E7A4F7556}") = "Conditional_FizzBuzz", "Conditional_FizzBuzz\Conditional_FizzBuzz.csproj", "{A8FA1F2A-9D4B-42BA-BB23-74267EAC8C8B}"
EndProject
Project("{9A19103F-16F7-4668-BE54-9A1E7A4F7556}") = "Conditional_CoinToss", "Conditional_CoinToss\Conditional_CoinToss.csproj", "{432BE983-64B5-411B-887F-96A4ADE1C748}"
EndProject
Project("{FAE04EC0-301F-11D3-BF4B-00C04F79EFBC}") = "RandomGuess", "(P) Loops - Guess A Number\RandomGuess.csproj", "{40D7239A-3468-48C4-9309-2ADABCD8B2F0}"
EndProject
Project("{FAE04EC0-301F-11D3-BF4B-00C04F79EFBC}") = "StringManipulation", "StringManipulation\StringManipulation.csproj", "{58BFBB3A-C89C-4098-B61F-3ADB529324C0}"
EndProject
Project("{FAE04EC0-301F-11D3-BF4B-00C04F79EFBC}") = "Collections Min,Max,Avg", "Collections Min,Max,Avg\Collections Min,Max,Avg.csproj", "{ABA38621-A41E-4CD6-9965-C646F0948DF3}"
EndProject
Project("{FAE04EC0-301F-11D3-BF4B-00C04F79EFBC}") = "ProcessingACSVFile", "ProcessingACSVFile\ProcessingACSVFile.csproj", "{28B8F92F-23D3-4084-9F24-D5B86F7C21A1}"
EndProject
Global
	GlobalSection(SolutionConfigurationPlatforms) = preSolution
		Debug|Any CPU = Debug|Any CPU
		Release|Any CPU = Release|Any CPU
	EndGlobalSection
	GlobalSection(ProjectConfigurationPlatforms) = postSolution
		{A8FA1F2A-9D4B-42BA-BB23-74267EAC8C8B}.Debug|Any CPU.ActiveCfg = Debug|Any CPU
		{A8FA1F2A-9D4B-42BA-BB23-74267EAC8C8B}.Debug|Any CPU.Build.0 = Debug|Any CPU
		{A8FA1F2A-9D4B-42BA-BB23-74267EAC8C8B}.Release|Any CPU.ActiveCfg = Release|Any CPU
		{A8FA1F2A-9D4B-42BA-BB23-74267EAC8C8B}.Release|Any CPU.Build.0 = Release|Any CPU
		{432BE983-64B5-411B-887F-96A4ADE1C748}.Debug|Any CPU.ActiveCfg = Debug|Any CPU
		{432BE983-64B5-411B-887F-96A4ADE1C748}.Debug|Any CPU.Build.0 = Debug|Any CPU
		{432BE983-64B5-411B-887F-96A4ADE1C748}.Release|Any CPU.ActiveCfg = Release|Any CPU
		{432BE983-64B5-411B-887F-96A4ADE1C748}.Release|Any CPU.Build.0 = Release|Any CPU
		{40D7239A-3468-48C4-9309-2ADABCD8B2F0}.Debug|Any CPU.ActiveCfg = Debug|Any CPU
		{40D7239A-3468-48C4-9309-2ADABCD8B2F0}.Debug|Any CPU.Build.0 = Debug|Any CPU
		{40D7239A-3468-48C4-9309-2ADABCD8B2F0}.Release|Any CPU.ActiveCfg = Release|Any CPU
		{40D7239A-3468-48C4-9309-2ADABCD8B2F0}.Release|Any CPU.Build.0 = Release|Any CPU
		{58BFBB3A-C89C-4098-B61F-3ADB529324C0}.Debug|Any CPU.ActiveCfg = Debug|Any CPU
		{58BFBB3A-C89C-4098-B61F-3ADB529324C0}.Debug|Any CPU.Build.0 = Debug|Any CPU
		{58BFBB3A-C89C-4098-B61F-3ADB529324C0}.Release|Any CPU.ActiveCfg = Release|Any CPU
		{58BFBB3A-C89C-4098-B61F-3ADB529324C0}.Release|Any CPU.Build.0 = Release|Any CPU
		{ABA38621-A41E-4CD6-9965-C646F0948DF3}.Debug|Any CPU.ActiveCfg = Debug|Any CPU
		{ABA38621-A41E-4CD6-9965-C646F0948DF3}.Debug|Any CPU.Build.0 = Debug|Any CPU
		{ABA38621-A41E-4CD6-9965-C646F0948DF3}.Release|Any CPU.ActiveCfg = Release|Any CPU
		{ABA38621-A41E-4CD6-9965-C646F0948DF3}.Release|Any CPU.Build.0 = Release|Any CPU
		{28B8F92F-23D3-4084-9F24-D5B86F7C21A1}.Debug|Any CPU.ActiveCfg = Debug|Any CPU
		{28B8F92F-23D3-4084-9F24-D5B86F7C21A1}.Debug|Any CPU.Build.0 = Debug|Any CPU
		{28B8F92F-23D3-4084-9F24-D5B86F7C21A1}.Release|Any CPU.ActiveCfg = Release|Any CPU
		{28B8F92F-23D3-4084-9F24-D5B86F7C21A1}.Release|Any CPU.Build.0 = Release|Any CPU
	EndGlobalSection
	GlobalSection(SolutionProperties) = preSolution
		HideSolutionNode = FALSE
	EndGlobalSection
	GlobalSection(ExtensibilityGlobals) = postSolution
		SolutionGuid = {CF98291C-D2A3-4748-8B48-D04BDA7D3C04}
	EndGlobalSection
EndGlobal
